// !$*UTF8*$!
{
	archiveVersion = 1;
	classes = {
	};
	objectVersion = 56;
	objects = {

/* Begin PBXBuildFile section */
		D769E4EF2AC460B300DA735A /* AppDelegate.swift in Sources */ = {isa = PBXBuildFile; fileRef = D769E4EE2AC460B300DA735A /* AppDelegate.swift */; };
		D769E4F12AC460B300DA735A /* SceneDelegate.swift in Sources */ = {isa = PBXBuildFile; fileRef = D769E4F02AC460B300DA735A /* SceneDelegate.swift */; };
		D769E4F32AC460B300DA735A /* UILabelViewController.swift in Sources */ = {isa = PBXBuildFile; fileRef = D769E4F22AC460B300DA735A /* UILabelViewController.swift */; };
		D769E4F82AC460B400DA735A /* Assets.xcassets in Resources */ = {isa = PBXBuildFile; fileRef = D769E4F72AC460B400DA735A /* Assets.xcassets */; };
		D769E4FB2AC460B400DA735A /* LaunchScreen.storyboard in Resources */ = {isa = PBXBuildFile; fileRef = D769E4F92AC460B400DA735A /* LaunchScreen.storyboard */; };
		D769E5052AC4618300DA735A /* UIViewController+Preview.swift in Sources */ = {isa = PBXBuildFile; fileRef = D769E5042AC4618300DA735A /* UIViewController+Preview.swift */; };
		D769E5072AC461A300DA735A /* UIView+Preview.swift in Sources */ = {isa = PBXBuildFile; fileRef = D769E5062AC461A300DA735A /* UIView+Preview.swift */; };
		D769E50B2AC4626F00DA735A /* UILabelView.swift in Sources */ = {isa = PBXBuildFile; fileRef = D769E50A2AC4626F00DA735A /* UILabelView.swift */; };
/* End PBXBuildFile section */

/* Begin PBXFileReference section */
		D769E4EB2AC460B300DA735A /* Swift_Components.app */ = {isa = PBXFileReference; explicitFileType = wrapper.application; includeInIndex = 0; path = Swift_Components.app; sourceTree = BUILT_PRODUCTS_DIR; };
		D769E4EE2AC460B300DA735A /* AppDelegate.swift */ = {isa = PBXFileReference; lastKnownFileType = sourcecode.swift; path = AppDelegate.swift; sourceTree = "<group>"; };
		D769E4F02AC460B300DA735A /* SceneDelegate.swift */ = {isa = PBXFileReference; lastKnownFileType = sourcecode.swift; path = SceneDelegate.swift; sourceTree = "<group>"; };
		D769E4F22AC460B300DA735A /* UILabelViewController.swift */ = {isa = PBXFileReference; lastKnownFileType = sourcecode.swift; path = UILabelViewController.swift; sourceTree = "<group>"; };
		D769E4F72AC460B400DA735A /* Assets.xcassets */ = {isa = PBXFileReference; lastKnownFileType = folder.assetcatalog; path = Assets.xcassets; sourceTree = "<group>"; };
		D769E4FA2AC460B400DA735A /* Base */ = {isa = PBXFileReference; lastKnownFileType = file.storyboard; name = Base; path = Base.lproj/LaunchScreen.storyboard; sourceTree = "<group>"; };
		D769E4FC2AC460B400DA735A /* Info.plist */ = {isa = PBXFileReference; lastKnownFileType = text.plist.xml; path = Info.plist; sourceTree = "<group>"; };
		D769E5042AC4618300DA735A /* UIViewController+Preview.swift */ = {isa = PBXFileReference; lastKnownFileType = sourcecode.swift; path = "UIViewController+Preview.swift"; sourceTree = "<group>"; };
		D769E5062AC461A300DA735A /* UIView+Preview.swift */ = {isa = PBXFileReference; lastKnownFileType = sourcecode.swift; path = "UIView+Preview.swift"; sourceTree = "<group>"; };
		D769E50A2AC4626F00DA735A /* UILabelView.swift */ = {isa = PBXFileReference; lastKnownFileType = sourcecode.swift; path = UILabelView.swift; sourceTree = "<group>"; };
/* End PBXFileReference section */

/* Begin PBXFrameworksBuildPhase section */
		D769E4E82AC460B300DA735A /* Frameworks */ = {
			isa = PBXFrameworksBuildPhase;
			buildActionMask = 2147483647;
			files = (
			);
			runOnlyForDeploymentPostprocessing = 0;
		};
/* End PBXFrameworksBuildPhase section */

/* Begin PBXGroup section */
		D769E4E22AC460B300DA735A = {
			isa = PBXGroup;
			children = (
				D769E4ED2AC460B300DA735A /* Swift_Components */,
				D769E4EC2AC460B300DA735A /* Products */,
			);
			sourceTree = "<group>";
		};
		D769E4EC2AC460B300DA735A /* Products */ = {
			isa = PBXGroup;
			children = (
				D769E4EB2AC460B300DA735A /* Swift_Components.app */,
			);
			name = Products;
			sourceTree = "<group>";
		};
		D769E4ED2AC460B300DA735A /* Swift_Components */ = {
			isa = PBXGroup;
			children = (
				D769E5022AC460BE00DA735A /* App */,
				D769E5092AC4625800DA735A /* View */,
				D769E5082AC4622400DA735A /* ViewController */,
				D769E5032AC4617900DA735A /* Extension */,
				D769E4FC2AC460B400DA735A /* Info.plist */,
			);
			path = Swift_Components;
			sourceTree = "<group>";
		};
		D769E5022AC460BE00DA735A /* App */ = {
			isa = PBXGroup;
			children = (
				D769E4EE2AC460B300DA735A /* AppDelegate.swift */,
				D769E4F02AC460B300DA735A /* SceneDelegate.swift */,
				D769E4F72AC460B400DA735A /* Assets.xcassets */,
				D769E4F92AC460B400DA735A /* LaunchScreen.storyboard */,
			);
			path = App;
			sourceTree = "<group>";
		};
		D769E5032AC4617900DA735A /* Extension */ = {
			isa = PBXGroup;
			children = (
				D769E5042AC4618300DA735A /* UIViewController+Preview.swift */,
				D769E5062AC461A300DA735A /* UIView+Preview.swift */,
			);
			path = Extension;
			sourceTree = "<group>";
		};
		D769E5082AC4622400DA735A /* ViewController */ = {
			isa = PBXGroup;
			children = (
				D769E4F22AC460B300DA735A /* UILabelViewController.swift */,
			);
			path = ViewController;
			sourceTree = "<group>";
		};
		D769E5092AC4625800DA735A /* View */ = {
			isa = PBXGroup;
			children = (
				D769E50A2AC4626F00DA735A /* UILabelView.swift */,
			);
			path = View;
			sourceTree = "<group>";
		};
/* End PBXGroup section */

/* Begin PBXNativeTarget section */
		D769E4EA2AC460B300DA735A /* Swift_Components */ = {
			isa = PBXNativeTarget;
			buildConfigurationList = D769E4FF2AC460B400DA735A /* Build configuration list for PBXNativeTarget "Swift_Components" */;
			buildPhases = (
				D769E4E72AC460B300DA735A /* Sources */,
				D769E4E82AC460B300DA735A /* Frameworks */,
				D769E4E92AC460B300DA735A /* Resources */,
			);
			buildRules = (
			);
			dependencies = (
			);
			name = Swift_Components;
			productName = Swift_Components;
			productReference = D769E4EB2AC460B300DA735A /* Swift_Components.app */;
			productType = "com.apple.product-type.application";
		};
/* End PBXNativeTarget section */

/* Begin PBXProject section */
		D769E4E32AC460B300DA735A /* Project object */ = {
			isa = PBXProject;
			attributes = {
				BuildIndependentTargetsInParallel = 1;
				LastSwiftUpdateCheck = 1500;
				LastUpgradeCheck = 1500;
				TargetAttributes = {
					D769E4EA2AC460B300DA735A = {
						CreatedOnToolsVersion = 15.0;
					};
				};
			};
			buildConfigurationList = D769E4E62AC460B300DA735A /* Build configuration list for PBXProject "Swift_Components" */;
			compatibilityVersion = "Xcode 14.0";
			developmentRegion = en;
			hasScannedForEncodings = 0;
			knownRegions = (
				en,
				Base,
			);
			mainGroup = D769E4E22AC460B300DA735A;
			productRefGroup = D769E4EC2AC460B300DA735A /* Products */;
			projectDirPath = "";
			projectRoot = "";
			targets = (
				D769E4EA2AC460B300DA735A /* Swift_Components */,
			);
		};
/* End PBXProject section */

/* Begin PBXResourcesBuildPhase section */
		D769E4E92AC460B300DA735A /* Resources */ = {
			isa = PBXResourcesBuildPhase;
			buildActionMask = 2147483647;
			files = (
				D769E4FB2AC460B400DA735A /* LaunchScreen.storyboard in Resources */,
				D769E4F82AC460B400DA735A /* Assets.xcassets in Resources */,
			);
			runOnlyForDeploymentPostprocessing = 0;
		};
/* End PBXResourcesBuildPhase section */

/* Begin PBXSourcesBuildPhase section */
		D769E4E72AC460B300DA735A /* Sources */ = {
			isa = PBXSourcesBuildPhase;
			buildActionMask = 2147483647;
			files = (
				D769E4F32AC460B300DA735A /* UILabelViewController.swift in Sources */,
				D769E4EF2AC460B300DA735A /* AppDelegate.swift in Sources */,
				D769E4F12AC460B300DA735A /* SceneDelegate.swift in Sources */,
				D769E5072AC461A300DA735A /* UIView+Preview.swift in Sources */,
				D769E5052AC4618300DA735A /* UIViewController+Preview.swift in Sources */,
				D769E50B2AC4626F00DA735A /* UILabelView.swift in Sources */,
			);
			runOnlyForDeploymentPostprocessing = 0;
		};
/* End PBXSourcesBuildPhase section */

/* Begin PBXVariantGroup section */
		D769E4F92AC460B400DA735A /* LaunchScreen.storyboard */ = {
			isa = PBXVariantGroup;
			children = (
				D769E4FA2AC460B400DA735A /* Base */,
			);
			name = LaunchScreen.storyboard;
			sourceTree = "<group>";
		};
/* End PBXVariantGroup section */

/* Begin XCBuildConfiguration section */
		D769E4FD2AC460B400DA735A /* Debug */ = {
			isa = XCBuildConfiguration;
			buildSettings = {
				ALWAYS_SEARCH_USER_PATHS = NO;
				ASSETCATALOG_COMPILER_GENERATE_SWIFT_ASSET_SYMBOL_EXTENSIONS = YES;
				CLANG_ANALYZER_NONNULL = YES;
				CLANG_ANALYZER_NUMBER_OBJECT_CONVERSION = YES_AGGRESSIVE;
				CLANG_CXX_LANGUAGE_STANDARD = "gnu++20";
				CLANG_ENABLE_MODULES = YES;
				CLANG_ENABLE_OBJC_ARC = YES;
				CLANG_ENABLE_OBJC_WEAK = YES;
				CLANG_WARN_BLOCK_CAPTURE_AUTORELEASING = YES;
				CLANG_WARN_BOOL_CONVERSION = YES;
				CLANG_WARN_COMMA = YES;
				CLANG_WARN_CONSTANT_CONVERSION = YES;
				CLANG_WARN_DEPRECATED_OBJC_IMPLEMENTATIONS = YES;
				CLANG_WARN_DIRECT_OBJC_ISA_USAGE = YES_ERROR;
				CLANG_WARN_DOCUMENTATION_COMMENTS = YES;
				CLANG_WARN_EMPTY_BODY = YES;
				CLANG_WARN_ENUM_CONVERSION = YES;
				CLANG_WARN_INFINITE_RECURSION = YES;
				CLANG_WARN_INT_CONVERSION = YES;
				CLANG_WARN_NON_LITERAL_NULL_CONVERSION = YES;
				CLANG_WARN_OBJC_IMPLICIT_RETAIN_SELF = YES;
				CLANG_WARN_OBJC_LITERAL_CONVERSION = YES;
				CLANG_WARN_OBJC_ROOT_CLASS = YES_ERROR;
				CLANG_WARN_QUOTED_INCLUDE_IN_FRAMEWORK_HEADER = YES;
				CLANG_WARN_RANGE_LOOP_ANALYSIS = YES;
				CLANG_WARN_STRICT_PROTOTYPES = YES;
				CLANG_WARN_SUSPICIOUS_MOVE = YES;
				CLANG_WARN_UNGUARDED_AVAILABILITY = YES_AGGRESSIVE;
				CLANG_WARN_UNREACHABLE_CODE = YES;
				CLANG_WARN__DUPLICATE_METHOD_MATCH = YES;
				COPY_PHASE_STRIP = NO;
				DEBUG_INFORMATION_FORMAT = dwarf;
				ENABLE_STRICT_OBJC_MSGSEND = YES;
				ENABLE_TESTABILITY = YES;
				ENABLE_USER_SCRIPT_SANDBOXING = YES;
				GCC_C_LANGUAGE_STANDARD = gnu17;
				GCC_DYNAMIC_NO_PIC = NO;
				GCC_NO_COMMON_BLOCKS = YES;
				GCC_OPTIMIZATION_LEVEL = 0;
				GCC_PREPROCESSOR_DEFINITIONS = (
					"DEBUG=1",
					"$(inherited)",
				);
				GCC_WARN_64_TO_32_BIT_CONVERSION = YES;
				GCC_WARN_ABOUT_RETURN_TYPE = YES_ERROR;
				GCC_WARN_UNDECLARED_SELECTOR = YES;
				GCC_WARN_UNINITIALIZED_AUTOS = YES_AGGRESSIVE;
				GCC_WARN_UNUSED_FUNCTION = YES;
				GCC_WARN_UNUSED_VARIABLE = YES;
				IPHONEOS_DEPLOYMENT_TARGET = 17.0;
				LOCALIZATION_PREFERS_STRING_CATALOGS = YES;
				MTL_ENABLE_DEBUG_INFO = INCLUDE_SOURCE;
				MTL_FAST_MATH = YES;
				ONLY_ACTIVE_ARCH = YES;
				SDKROOT = iphoneos;
				SWIFT_ACTIVE_COMPILATION_CONDITIONS = "DEBUG $(inherited)";
				SWIFT_OPTIMIZATION_LEVEL = "-Onone";
			};
			name = Debug;
		};
		D769E4FE2AC460B400DA735A /* Release */ = {
			isa = XCBuildConfiguration;
			buildSettings = {
				ALWAYS_SEARCH_USER_PATHS = NO;
				ASSETCATALOG_COMPILER_GENERATE_SWIFT_ASSET_SYMBOL_EXTENSIONS = YES;
				CLANG_ANALYZER_NONNULL = YES;
				CLANG_ANALYZER_NUMBER_OBJECT_CONVERSION = YES_AGGRESSIVE;
				CLANG_CXX_LANGUAGE_STANDARD = "gnu++20";
				CLANG_ENABLE_MODULES = YES;
				CLANG_ENABLE_OBJC_ARC = YES;
				CLANG_ENABLE_OBJC_WEAK = YES;
				CLANG_WARN_BLOCK_CAPTURE_AUTORELEASING = YES;
				CLANG_WARN_BOOL_CONVERSION = YES;
				CLANG_WARN_COMMA = YES;
				CLANG_WARN_CONSTANT_CONVERSION = YES;
				CLANG_WARN_DEPRECATED_OBJC_IMPLEMENTATIONS = YES;
				CLANG_WARN_DIRECT_OBJC_ISA_USAGE = YES_ERROR;
				CLANG_WARN_DOCUMENTATION_COMMENTS = YES;
				CLANG_WARN_EMPTY_BODY = YES;
				CLANG_WARN_ENUM_CONVERSION = YES;
				CLANG_WARN_INFINITE_RECURSION = YES;
				CLANG_WARN_INT_CONVERSION = YES;
				CLANG_WARN_NON_LITERAL_NULL_CONVERSION = YES;
				CLANG_WARN_OBJC_IMPLICIT_RETAIN_SELF = YES;
				CLANG_WARN_OBJC_LITERAL_CONVERSION = YES;
				CLANG_WARN_OBJC_ROOT_CLASS = YES_ERROR;
				CLANG_WARN_QUOTED_INCLUDE_IN_FRAMEWORK_HEADER = YES;
				CLANG_WARN_RANGE_LOOP_ANALYSIS = YES;
				CLANG_WARN_STRICT_PROTOTYPES = YES;
				CLANG_WARN_SUSPICIOUS_MOVE = YES;
				CLANG_WARN_UNGUARDED_AVAILABILITY = YES_AGGRESSIVE;
				CLANG_WARN_UNREACHABLE_CODE = YES;
				CLANG_WARN__DUPLICATE_METHOD_MATCH = YES;
				COPY_PHASE_STRIP = NO;
				DEBUG_INFORMATION_FORMAT = "dwarf-with-dsym";
				ENABLE_NS_ASSERTIONS = NO;
				ENABLE_STRICT_OBJC_MSGSEND = YES;
				ENABLE_USER_SCRIPT_SANDBOXING = YES;
				GCC_C_LANGUAGE_STANDARD = gnu17;
				GCC_NO_COMMON_BLOCKS = YES;
				GCC_WARN_64_TO_32_BIT_CONVERSION = YES;
				GCC_WARN_ABOUT_RETURN_TYPE = YES_ERROR;
				GCC_WARN_UNDECLARED_SELECTOR = YES;
				GCC_WARN_UNINITIALIZED_AUTOS = YES_AGGRESSIVE;
				GCC_WARN_UNUSED_FUNCTION = YES;
				GCC_WARN_UNUSED_VARIABLE = YES;
				IPHONEOS_DEPLOYMENT_TARGET = 17.0;
				LOCALIZATION_PREFERS_STRING_CATALOGS = YES;
				MTL_ENABLE_DEBUG_INFO = NO;
				MTL_FAST_MATH = YES;
				SDKROOT = iphoneos;
				SWIFT_COMPILATION_MODE = wholemodule;
				VALIDATE_PRODUCT = YES;
			};
			name = Release;
		};
		D769E5002AC460B400DA735A /* Debug */ = {
			isa = XCBuildConfiguration;
			buildSettings = {
				ASSETCATALOG_COMPILER_APPICON_NAME = AppIcon;
				ASSETCATALOG_COMPILER_GLOBAL_ACCENT_COLOR_NAME = AccentColor;
				CODE_SIGN_STYLE = Automatic;
				CURRENT_PROJECT_VERSION = 1;
				DEVELOPMENT_TEAM = RGZ8HP6A2J;
				GENERATE_INFOPLIST_FILE = YES;
				INFOPLIST_FILE = Swift_Components/Info.plist;
				INFOPLIST_KEY_UIApplicationSupportsIndirectInputEvents = YES;
				INFOPLIST_KEY_UILaunchStoryboardName = LaunchScreen;
				INFOPLIST_KEY_UISupportedInterfaceOrientations_iPad = "UIInterfaceOrientationPortrait UIInterfaceOrientationPortraitUpsideDown UIInterfaceOrientationLandscapeLeft UIInterfaceOrientationLandscapeRight";
				INFOPLIST_KEY_UISupportedInterfaceOrientations_iPhone = "UIInterfaceOrientationPortrait UIInterfaceOrientationLandscapeLeft UIInterfaceOrientationLandscapeRight";
				IPHONEOS_DEPLOYMENT_TARGET = 16.4;
				LD_RUNPATH_SEARCH_PATHS = (
					"$(inherited)",
					"@executable_path/Frameworks",
				);
				MARKETING_VERSION = 1.0;
				PRODUCT_BUNDLE_IDENTIFIER = "dangsal.Swift-Components";
				PRODUCT_NAME = "$(TARGET_NAME)";
				SWIFT_EMIT_LOC_STRINGS = YES;
				SWIFT_VERSION = 5.0;
				TARGETED_DEVICE_FAMILY = "1,2";
			};
			name = Debug;
		};
		D769E5012AC460B400DA735A /* Release */ = {
			isa = XCBuildConfiguration;
			buildSettings = {
				ASSETCATALOG_COMPILER_APPICON_NAME = AppIcon;
				ASSETCATALOG_COMPILER_GLOBAL_ACCENT_COLOR_NAME = AccentColor;
				CODE_SIGN_STYLE = Automatic;
				CURRENT_PROJECT_VERSION = 1;
				DEVELOPMENT_TEAM = RGZ8HP6A2J;
				GENERATE_INFOPLIST_FILE = YES;
				INFOPLIST_FILE = Swift_Components/Info.plist;
				INFOPLIST_KEY_UIApplicationSupportsIndirectInputEvents = YES;
				INFOPLIST_KEY_UILaunchStoryboardName = LaunchScreen;
				INFOPLIST_KEY_UISupportedInterfaceOrientations_iPad = "UIInterfaceOrientationPortrait UIInterfaceOrientationPortraitUpsideDown UIInterfaceOrientationLandscapeLeft UIInterfaceOrientationLandscapeRight";
				INFOPLIST_KEY_UISupportedInterfaceOrientations_iPhone = "UIInterfaceOrientationPortrait UIInterfaceOrientationLandscapeLeft UIInterfaceOrientationLandscapeRight";
				IPHONEOS_DEPLOYMENT_TARGET = 16.4;
				LD_RUNPATH_SEARCH_PATHS = (
					"$(inherited)",
					"@executable_path/Frameworks",
				);
				MARKETING_VERSION = 1.0;
				PRODUCT_BUNDLE_IDENTIFIER = "dangsal.Swift-Components";
				PRODUCT_NAME = "$(TARGET_NAME)";
				SWIFT_EMIT_LOC_STRINGS = YES;
				SWIFT_VERSION = 5.0;
				TARGETED_DEVICE_FAMILY = "1,2";
			};
			name = Release;
		};
/* End XCBuildConfiguration section */

/* Begin XCConfigurationList section */
		D769E4E62AC460B300DA735A /* Build configuration list for PBXProject "Swift_Components" */ = {
			isa = XCConfigurationList;
			buildConfigurations = (
				D769E4FD2AC460B400DA735A /* Debug */,
				D769E4FE2AC460B400DA735A /* Release */,
			);
			defaultConfigurationIsVisible = 0;
			defaultConfigurationName = Release;
		};
		D769E4FF2AC460B400DA735A /* Build configuration list for PBXNativeTarget "Swift_Components" */ = {
			isa = XCConfigurationList;
			buildConfigurations = (
				D769E5002AC460B400DA735A /* Debug */,
				D769E5012AC460B400DA735A /* Release */,
			);
			defaultConfigurationIsVisible = 0;
			defaultConfigurationName = Release;
		};
/* End XCConfigurationList section */
	};
	rootObject = D769E4E32AC460B300DA735A /* Project object */;
}
